// !$*UTF8*$!
{
	archiveVersion = 1;
	classes = {
	};
	objectVersion = 56;
	objects = {

/* Begin PBXBuildFile section */
		D07B44E42B706FEE008C7594 /* ThermostatUITestApp.swift in Sources */ = {isa = PBXBuildFile; fileRef = D07B44E32B706FEE008C7594 /* ThermostatUITestApp.swift */; };
		D07B44E62B706FEE008C7594 /* ContentView.swift in Sources */ = {isa = PBXBuildFile; fileRef = D07B44E52B706FEE008C7594 /* ContentView.swift */; };
		D07B44E82B706FF0008C7594 /* Assets.xcassets in Resources */ = {isa = PBXBuildFile; fileRef = D07B44E72B706FF0008C7594 /* Assets.xcassets */; };
		D07B44EB2B706FF0008C7594 /* Preview Assets.xcassets in Resources */ = {isa = PBXBuildFile; fileRef = D07B44EA2B706FF0008C7594 /* Preview Assets.xcassets */; };
		D07B44FA2B7071BA008C7594 /* ThermometerSummaryView.swift in Sources */ = {isa = PBXBuildFile; fileRef = D07B44F32B7071BA008C7594 /* ThermometerSummaryView.swift */; };
		D07B44FB2B7071BA008C7594 /* ThermometerDialView.swift in Sources */ = {isa = PBXBuildFile; fileRef = D07B44F52B7071BA008C7594 /* ThermometerDialView.swift */; };
		D07B44FC2B7071BA008C7594 /* ThermometerView.swift in Sources */ = {isa = PBXBuildFile; fileRef = D07B44F62B7071BA008C7594 /* ThermometerView.swift */; };
		D07B44FD2B7071BA008C7594 /* ThermometerScaleView.swift in Sources */ = {isa = PBXBuildFile; fileRef = D07B44F72B7071BA008C7594 /* ThermometerScaleView.swift */; };
		D07B44FE2B7071BA008C7594 /* ThermometerPlaceholderView.swift in Sources */ = {isa = PBXBuildFile; fileRef = D07B44F92B7071BA008C7594 /* ThermometerPlaceholderView.swift */; };
		D07B45002B707219008C7594 /* ClimateCard.swift in Sources */ = {isa = PBXBuildFile; fileRef = D07B44FF2B707219008C7594 /* ClimateCard.swift */; };
/* End PBXBuildFile section */

/* Begin PBXFileReference section */
		D07B44E02B706FEE008C7594 /* ThermostatUITest Watch App.app */ = {isa = PBXFileReference; explicitFileType = wrapper.application; includeInIndex = 0; path = "ThermostatUITest Watch App.app"; sourceTree = BUILT_PRODUCTS_DIR; };
		D07B44E32B706FEE008C7594 /* ThermostatUITestApp.swift */ = {isa = PBXFileReference; lastKnownFileType = sourcecode.swift; path = ThermostatUITestApp.swift; sourceTree = "<group>"; };
		D07B44E52B706FEE008C7594 /* ContentView.swift */ = {isa = PBXFileReference; lastKnownFileType = sourcecode.swift; path = ContentView.swift; sourceTree = "<group>"; };
		D07B44E72B706FF0008C7594 /* Assets.xcassets */ = {isa = PBXFileReference; lastKnownFileType = folder.assetcatalog; path = Assets.xcassets; sourceTree = "<group>"; };
		D07B44EA2B706FF0008C7594 /* Preview Assets.xcassets */ = {isa = PBXFileReference; lastKnownFileType = folder.assetcatalog; path = "Preview Assets.xcassets"; sourceTree = "<group>"; };
		D07B44F32B7071BA008C7594 /* ThermometerSummaryView.swift */ = {isa = PBXFileReference; fileEncoding = 4; lastKnownFileType = sourcecode.swift; path = ThermometerSummaryView.swift; sourceTree = "<group>"; };
		D07B44F52B7071BA008C7594 /* ThermometerDialView.swift */ = {isa = PBXFileReference; fileEncoding = 4; lastKnownFileType = sourcecode.swift; path = ThermometerDialView.swift; sourceTree = "<group>"; };
		D07B44F62B7071BA008C7594 /* ThermometerView.swift */ = {isa = PBXFileReference; fileEncoding = 4; lastKnownFileType = sourcecode.swift; path = ThermometerView.swift; sourceTree = "<group>"; };
		D07B44F72B7071BA008C7594 /* ThermometerScaleView.swift */ = {isa = PBXFileReference; fileEncoding = 4; lastKnownFileType = sourcecode.swift; path = ThermometerScaleView.swift; sourceTree = "<group>"; };
		D07B44F92B7071BA008C7594 /* ThermometerPlaceholderView.swift */ = {isa = PBXFileReference; fileEncoding = 4; lastKnownFileType = sourcecode.swift; path = ThermometerPlaceholderView.swift; sourceTree = "<group>"; };
		D07B44FF2B707219008C7594 /* ClimateCard.swift */ = {isa = PBXFileReference; fileEncoding = 4; lastKnownFileType = sourcecode.swift; path = ClimateCard.swift; sourceTree = "<group>"; };
/* End PBXFileReference section */

/* Begin PBXFrameworksBuildPhase section */
		D07B44DD2B706FEE008C7594 /* Frameworks */ = {
			isa = PBXFrameworksBuildPhase;
			buildActionMask = 2147483647;
			files = (
			);
			runOnlyForDeploymentPostprocessing = 0;
		};
/* End PBXFrameworksBuildPhase section */

/* Begin PBXGroup section */
		D07B44D72B706FEE008C7594 = {
			isa = PBXGroup;
			children = (
				D07B44F12B7071BA008C7594 /* Thermometer */,
				D07B44E22B706FEE008C7594 /* ThermostatUITest Watch App */,
				D07B44E12B706FEE008C7594 /* Products */,
			);
			sourceTree = "<group>";
		};
		D07B44E12B706FEE008C7594 /* Products */ = {
			isa = PBXGroup;
			children = (
				D07B44E02B706FEE008C7594 /* ThermostatUITest Watch App.app */,
			);
			name = Products;
			sourceTree = "<group>";
		};
		D07B44E22B706FEE008C7594 /* ThermostatUITest Watch App */ = {
			isa = PBXGroup;
			children = (
				D07B44E32B706FEE008C7594 /* ThermostatUITestApp.swift */,
				D07B44E52B706FEE008C7594 /* ContentView.swift */,
				D07B44FF2B707219008C7594 /* ClimateCard.swift */,
				D07B44E72B706FF0008C7594 /* Assets.xcassets */,
				D07B44E92B706FF0008C7594 /* Preview Content */,
			);
			path = "ThermostatUITest Watch App";
			sourceTree = "<group>";
		};
		D07B44E92B706FF0008C7594 /* Preview Content */ = {
			isa = PBXGroup;
			children = (
				D07B44EA2B706FF0008C7594 /* Preview Assets.xcassets */,
			);
			path = "Preview Content";
			sourceTree = "<group>";
		};
		D07B44F12B7071BA008C7594 /* Thermometer */ = {
			isa = PBXGroup;
			children = (
				D07B44F22B7071BA008C7594 /* Dial Summary */,
				D07B44F42B7071BA008C7594 /* Dial */,
				D07B44F62B7071BA008C7594 /* ThermometerView.swift */,
				D07B44F72B7071BA008C7594 /* ThermometerScaleView.swift */,
				D07B44F82B7071BA008C7594 /* Dial Background */,
			);
			name = Thermometer;
			path = ThermostatUITest/Thermometer;
			sourceTree = "<group>";
		};
		D07B44F22B7071BA008C7594 /* Dial Summary */ = {
			isa = PBXGroup;
			children = (
				D07B44F32B7071BA008C7594 /* ThermometerSummaryView.swift */,
			);
			path = "Dial Summary";
			sourceTree = "<group>";
		};
		D07B44F42B7071BA008C7594 /* Dial */ = {
			isa = PBXGroup;
			children = (
				D07B44F52B7071BA008C7594 /* ThermometerDialView.swift */,
			);
			path = Dial;
			sourceTree = "<group>";
		};
		D07B44F82B7071BA008C7594 /* Dial Background */ = {
			isa = PBXGroup;
			children = (
				D07B44F92B7071BA008C7594 /* ThermometerPlaceholderView.swift */,
			);
			path = "Dial Background";
			sourceTree = "<group>";
		};
/* End PBXGroup section */

/* Begin PBXNativeTarget section */
		D07B44DF2B706FEE008C7594 /* ThermostatUITest Watch App */ = {
			isa = PBXNativeTarget;
			buildConfigurationList = D07B44EE2B706FF0008C7594 /* Build configuration list for PBXNativeTarget "ThermostatUITest Watch App" */;
			buildPhases = (
				D07B44DC2B706FEE008C7594 /* Sources */,
				D07B44DD2B706FEE008C7594 /* Frameworks */,
				D07B44DE2B706FEE008C7594 /* Resources */,
			);
			buildRules = (
			);
			dependencies = (
			);
			name = "ThermostatUITest Watch App";
			productName = "ThermostatUITest Watch App";
			productReference = D07B44E02B706FEE008C7594 /* ThermostatUITest Watch App.app */;
			productType = "com.apple.product-type.application";
		};
/* End PBXNativeTarget section */

/* Begin PBXProject section */
		D07B44D82B706FEE008C7594 /* Project object */ = {
			isa = PBXProject;
			attributes = {
				BuildIndependentTargetsInParallel = 1;
				LastSwiftUpdateCheck = 1520;
				LastUpgradeCheck = 1520;
				TargetAttributes = {
					D07B44DF2B706FEE008C7594 = {
						CreatedOnToolsVersion = 15.2;
					};
				};
			};
			buildConfigurationList = D07B44DB2B706FEE008C7594 /* Build configuration list for PBXProject "ThermostatUITest" */;
			compatibilityVersion = "Xcode 14.0";
			developmentRegion = en;
			hasScannedForEncodings = 0;
			knownRegions = (
				en,
				Base,
			);
			mainGroup = D07B44D72B706FEE008C7594;
			productRefGroup = D07B44E12B706FEE008C7594 /* Products */;
			projectDirPath = "";
			projectRoot = "";
			targets = (
				D07B44DF2B706FEE008C7594 /* ThermostatUITest Watch App */,
			);
		};
/* End PBXProject section */

/* Begin PBXResourcesBuildPhase section */
		D07B44DE2B706FEE008C7594 /* Resources */ = {
			isa = PBXResourcesBuildPhase;
			buildActionMask = 2147483647;
			files = (
				D07B44EB2B706FF0008C7594 /* Preview Assets.xcassets in Resources */,
				D07B44E82B706FF0008C7594 /* Assets.xcassets in Resources */,
			);
			runOnlyForDeploymentPostprocessing = 0;
		};
/* End PBXResourcesBuildPhase section */

/* Begin PBXSourcesBuildPhase section */
		D07B44DC2B706FEE008C7594 /* Sources */ = {
			isa = PBXSourcesBuildPhase;
			buildActionMask = 2147483647;
			files = (
				D07B44FD2B7071BA008C7594 /* ThermometerScaleView.swift in Sources */,
				D07B44E62B706FEE008C7594 /* ContentView.swift in Sources */,
				D07B44FC2B7071BA008C7594 /* ThermometerView.swift in Sources */,
				D07B44FB2B7071BA008C7594 /* ThermometerDialView.swift in Sources */,
				D07B44FE2B7071BA008C7594 /* ThermometerPlaceholderView.swift in Sources */,
				D07B45002B707219008C7594 /* ClimateCard.swift in Sources */,
				D07B44FA2B7071BA008C7594 /* ThermometerSummaryView.swift in Sources */,
				D07B44E42B706FEE008C7594 /* ThermostatUITestApp.swift in Sources */,
			);
			runOnlyForDeploymentPostprocessing = 0;
		};
/* End PBXSourcesBuildPhase section */

/* Begin XCBuildConfiguration section */
		D07B44EC2B706FF0008C7594 /* Debug */ = {
			isa = XCBuildConfiguration;
			buildSettings = {
				ALWAYS_SEARCH_USER_PATHS = NO;
				ASSETCATALOG_COMPILER_GENERATE_SWIFT_ASSET_SYMBOL_EXTENSIONS = YES;
				CLANG_ANALYZER_NONNULL = YES;
				CLANG_ANALYZER_NUMBER_OBJECT_CONVERSION = YES_AGGRESSIVE;
				CLANG_CXX_LANGUAGE_STANDARD = "gnu++20";
				CLANG_ENABLE_MODULES = YES;
				CLANG_ENABLE_OBJC_ARC = YES;
				CLANG_ENABLE_OBJC_WEAK = YES;
				CLANG_WARN_BLOCK_CAPTURE_AUTORELEASING = YES;
				CLANG_WARN_BOOL_CONVERSION = YES;
				CLANG_WARN_COMMA = YES;
				CLANG_WARN_CONSTANT_CONVERSION = YES;
				CLANG_WARN_DEPRECATED_OBJC_IMPLEMENTATIONS = YES;
				CLANG_WARN_DIRECT_OBJC_ISA_USAGE = YES_ERROR;
				CLANG_WARN_DOCUMENTATION_COMMENTS = YES;
				CLANG_WARN_EMPTY_BODY = YES;
				CLANG_WARN_ENUM_CONVERSION = YES;
				CLANG_WARN_INFINITE_RECURSION = YES;
				CLANG_WARN_INT_CONVERSION = YES;
				CLANG_WARN_NON_LITERAL_NULL_CONVERSION = YES;
				CLANG_WARN_OBJC_IMPLICIT_RETAIN_SELF = YES;
				CLANG_WARN_OBJC_LITERAL_CONVERSION = YES;
				CLANG_WARN_OBJC_ROOT_CLASS = YES_ERROR;
				CLANG_WARN_QUOTED_INCLUDE_IN_FRAMEWORK_HEADER = YES;
				CLANG_WARN_RANGE_LOOP_ANALYSIS = YES;
				CLANG_WARN_STRICT_PROTOTYPES = YES;
				CLANG_WARN_SUSPICIOUS_MOVE = YES;
				CLANG_WARN_UNGUARDED_AVAILABILITY = YES_AGGRESSIVE;
				CLANG_WARN_UNREACHABLE_CODE = YES;
				CLANG_WARN__DUPLICATE_METHOD_MATCH = YES;
				COPY_PHASE_STRIP = NO;
				DEBUG_INFORMATION_FORMAT = dwarf;
				ENABLE_STRICT_OBJC_MSGSEND = YES;
				ENABLE_TESTABILITY = YES;
				ENABLE_USER_SCRIPT_SANDBOXING = YES;
				GCC_C_LANGUAGE_STANDARD = gnu17;
				GCC_DYNAMIC_NO_PIC = NO;
				GCC_NO_COMMON_BLOCKS = YES;
				GCC_OPTIMIZATION_LEVEL = 0;
				GCC_PREPROCESSOR_DEFINITIONS = (
					"DEBUG=1",
					"$(inherited)",
				);
				GCC_WARN_64_TO_32_BIT_CONVERSION = YES;
				GCC_WARN_ABOUT_RETURN_TYPE = YES_ERROR;
				GCC_WARN_UNDECLARED_SELECTOR = YES;
				GCC_WARN_UNINITIALIZED_AUTOS = YES_AGGRESSIVE;
				GCC_WARN_UNUSED_FUNCTION = YES;
				GCC_WARN_UNUSED_VARIABLE = YES;
				LOCALIZATION_PREFERS_STRING_CATALOGS = YES;
				MTL_ENABLE_DEBUG_INFO = INCLUDE_SOURCE;
				MTL_FAST_MATH = YES;
				ONLY_ACTIVE_ARCH = YES;
				SWIFT_ACTIVE_COMPILATION_CONDITIONS = "DEBUG $(inherited)";
				SWIFT_OPTIMIZATION_LEVEL = "-Onone";
			};
			name = Debug;
		};
		D07B44ED2B706FF0008C7594 /* Release */ = {
			isa = XCBuildConfiguration;
			buildSettings = {
				ALWAYS_SEARCH_USER_PATHS = NO;
				ASSETCATALOG_COMPILER_GENERATE_SWIFT_ASSET_SYMBOL_EXTENSIONS = YES;
				CLANG_ANALYZER_NONNULL = YES;
				CLANG_ANALYZER_NUMBER_OBJECT_CONVERSION = YES_AGGRESSIVE;
				CLANG_CXX_LANGUAGE_STANDARD = "gnu++20";
				CLANG_ENABLE_MODULES = YES;
				CLANG_ENABLE_OBJC_ARC = YES;
				CLANG_ENABLE_OBJC_WEAK = YES;
				CLANG_WARN_BLOCK_CAPTURE_AUTORELEASING = YES;
				CLANG_WARN_BOOL_CONVERSION = YES;
				CLANG_WARN_COMMA = YES;
				CLANG_WARN_CONSTANT_CONVERSION = YES;
				CLANG_WARN_DEPRECATED_OBJC_IMPLEMENTATIONS = YES;
				CLANG_WARN_DIRECT_OBJC_ISA_USAGE = YES_ERROR;
				CLANG_WARN_DOCUMENTATION_COMMENTS = YES;
				CLANG_WARN_EMPTY_BODY = YES;
				CLANG_WARN_ENUM_CONVERSION = YES;
				CLANG_WARN_INFINITE_RECURSION = YES;
				CLANG_WARN_INT_CONVERSION = YES;
				CLANG_WARN_NON_LITERAL_NULL_CONVERSION = YES;
				CLANG_WARN_OBJC_IMPLICIT_RETAIN_SELF = YES;
				CLANG_WARN_OBJC_LITERAL_CONVERSION = YES;
				CLANG_WARN_OBJC_ROOT_CLASS = YES_ERROR;
				CLANG_WARN_QUOTED_INCLUDE_IN_FRAMEWORK_HEADER = YES;
				CLANG_WARN_RANGE_LOOP_ANALYSIS = YES;
				CLANG_WARN_STRICT_PROTOTYPES = YES;
				CLANG_WARN_SUSPICIOUS_MOVE = YES;
				CLANG_WARN_UNGUARDED_AVAILABILITY = YES_AGGRESSIVE;
				CLANG_WARN_UNREACHABLE_CODE = YES;
				CLANG_WARN__DUPLICATE_METHOD_MATCH = YES;
				COPY_PHASE_STRIP = NO;
				DEBUG_INFORMATION_FORMAT = "dwarf-with-dsym";
				ENABLE_NS_ASSERTIONS = NO;
				ENABLE_STRICT_OBJC_MSGSEND = YES;
				ENABLE_USER_SCRIPT_SANDBOXING = YES;
				GCC_C_LANGUAGE_STANDARD = gnu17;
				GCC_NO_COMMON_BLOCKS = YES;
				GCC_WARN_64_TO_32_BIT_CONVERSION = YES;
				GCC_WARN_ABOUT_RETURN_TYPE = YES_ERROR;
				GCC_WARN_UNDECLARED_SELECTOR = YES;
				GCC_WARN_UNINITIALIZED_AUTOS = YES_AGGRESSIVE;
				GCC_WARN_UNUSED_FUNCTION = YES;
				GCC_WARN_UNUSED_VARIABLE = YES;
				LOCALIZATION_PREFERS_STRING_CATALOGS = YES;
				MTL_ENABLE_DEBUG_INFO = NO;
				MTL_FAST_MATH = YES;
				SWIFT_COMPILATION_MODE = wholemodule;
			};
			name = Release;
		};
		D07B44EF2B706FF0008C7594 /* Debug */ = {
			isa = XCBuildConfiguration;
			buildSettings = {
				ASSETCATALOG_COMPILER_APPICON_NAME = AppIcon;
				ASSETCATALOG_COMPILER_GLOBAL_ACCENT_COLOR_NAME = AccentColor;
				CODE_SIGN_STYLE = Automatic;
				CURRENT_PROJECT_VERSION = 1;
				DEVELOPMENT_ASSET_PATHS = "\"ThermostatUITest Watch App/Preview Content\"";
				DEVELOPMENT_TEAM = G3337N7QRS;
				ENABLE_PREVIEWS = YES;
				GENERATE_INFOPLIST_FILE = YES;
				INFOPLIST_KEY_CFBundleDisplayName = ThermostatUITest;
				INFOPLIST_KEY_UISupportedInterfaceOrientations = "UIInterfaceOrientationPortrait UIInterfaceOrientationPortraitUpsideDown";
				INFOPLIST_KEY_WKCompanionAppBundleIdentifier = "";
				LD_RUNPATH_SEARCH_PATHS = (
					"$(inherited)",
					"@executable_path/Frameworks",
				);
				MARKETING_VERSION = 1.0;
				PRODUCT_BUNDLE_IDENTIFIER = .watchkitapp;
				PRODUCT_NAME = "$(TARGET_NAME)";
				SDKROOT = watchos;
				SKIP_INSTALL = YES;
				SWIFT_EMIT_LOC_STRINGS = YES;
				SWIFT_VERSION = 5.0;
				TARGETED_DEVICE_FAMILY = 4;
				WATCHOS_DEPLOYMENT_TARGET = 10.2;
			};
			name = Debug;
		};
		D07B44F02B706FF0008C7594 /* Release */ = {
			isa = XCBuildConfiguration;
			buildSettings = {
				ASSETCATALOG_COMPILER_APPICON_NAME = AppIcon;
				ASSETCATALOG_COMPILER_GLOBAL_ACCENT_COLOR_NAME = AccentColor;
				CODE_SIGN_STYLE = Automatic;
				CURRENT_PROJECT_VERSION = 1;
				DEVELOPMENT_ASSET_PATHS = "\"ThermostatUITest Watch App/Preview Content\"";
				DEVELOPMENT_TEAM = G3337N7QRS;
				ENABLE_PREVIEWS = YES;
				GENERATE_INFOPLIST_FILE = YES;
				INFOPLIST_KEY_CFBundleDisplayName = ThermostatUITest;
				INFOPLIST_KEY_UISupportedInterfaceOrientations = "UIInterfaceOrientationPortrait UIInterfaceOrientationPortraitUpsideDown";
				INFOPLIST_KEY_WKCompanionAppBundleIdentifier = "";
				LD_RUNPATH_SEARCH_PATHS = (
					"$(inherited)",
					"@executable_path/Frameworks",
				);
				MARKETING_VERSION = 1.0;
				PRODUCT_BUNDLE_IDENTIFIER = .watchkitapp;
				PRODUCT_NAME = "$(TARGET_NAME)";
				SDKROOT = watchos;
				SKIP_INSTALL = YES;
				SWIFT_EMIT_LOC_STRINGS = YES;
				SWIFT_VERSION = 5.0;
				TARGETED_DEVICE_FAMILY = 4;
				VALIDATE_PRODUCT = YES;
				WATCHOS_DEPLOYMENT_TARGET = 10.2;
			};
			name = Release;
		};
/* End XCBuildConfiguration section */

/* Begin XCConfigurationList section */
		D07B44DB2B706FEE008C7594 /* Build configuration list for PBXProject "ThermostatUITest" */ = {
			isa = XCConfigurationList;
			buildConfigurations = (
				D07B44EC2B706FF0008C7594 /* Debug */,
				D07B44ED2B706FF0008C7594 /* Release */,
			);
			defaultConfigurationIsVisible = 0;
			defaultConfigurationName = Release;
		};
		D07B44EE2B706FF0008C7594 /* Build configuration list for PBXNativeTarget "ThermostatUITest Watch App" */ = {
			isa = XCConfigurationList;
			buildConfigurations = (
				D07B44EF2B706FF0008C7594 /* Debug */,
				D07B44F02B706FF0008C7594 /* Release */,
			);
			defaultConfigurationIsVisible = 0;
			defaultConfigurationName = Release;
		};
/* End XCConfigurationList section */
	};
	rootObject = D07B44D82B706FEE008C7594 /* Project object */;
}
